--- 
hash: f06226c169bdfe1eb2bc70e7979fba5dc8df652b
sources: 
- Git: 
    git: git://github.com/ryanb/cancan.git
    uri: git://github.com/ryanb/cancan.git
    ref: 06296b0a40a1ce7e575441d113504b4ae0702fdc
- Git: 
    git: git://github.com/plataformatec/devise.git
    uri: git://github.com/plataformatec/devise.git
    ref: da971e42497b96b846449ef242069872b6a95010
- Rubygems: 
    uri: http://gemcutter.org
- Rubygems: 
    uri: http://rubygems.org
- Rubygems: 
    uri: http://gems.github.com
specs: 
- rake: 
    version: 0.8.7
- RedCloth: 
    version: 4.2.3
- abstract: 
    version: 1.0.0
- builder: 
    version: 2.1.2
- i18n: 
    version: 0.3.7
- memcache-client: 
    version: 1.8.2
- tzinfo: 
    version: 0.3.20
- activesupport: 
    version: 3.0.0.beta3
- activemodel: 
    version: 3.0.0.beta3
- erubis: 
    version: 2.6.5
- rack: 
    version: 1.1.0
- rack-mount: 
    version: 0.6.3
- rack-test: 
    version: 0.5.3
- actionpack: 
    version: 3.0.0.beta3
- mime-types: 
    version: "1.16"
- polyglot: 
    version: 0.3.1
- treetop: 
    version: 1.4.5
- mail: 
    version: 2.2.0
- text-hyphen: 
    version: 1.0.0
- text-format: 
    version: 1.0.0
- actionmailer: 
    version: 3.0.0.beta3
- arel: 
    version: 0.3.3
- activerecord: 
    version: 3.0.0.beta3
- activeresource: 
    version: 3.0.0.beta3
- bcrypt-ruby: 
    version: 2.1.2
- bundler: 
    version: 0.9.24
- cancan: 
    version: 1.1.1
    source: 0
- rest-client: 
    version: 1.4.2
- couchrest: 
    version: "0.37"
- couchrails: 
    version: "0.1"
- warden: 
    version: 0.10.3
- devise: 
    version: 1.1.rc1
    source: 1
- gem_plugin: 
    version: 0.2.3
- mongrel: 
    version: 1.1.6
- thor: 
    version: 0.13.4
- railties: 
    version: 3.0.0.beta3
- rails: 
    version: 3.0.0.beta3
dependencies: 
  rails: 
    version: = 3.0.0.beta3
    group: 
    - :default
  couchrest: 
    version: ">= 0"
    group: 
    - :default
  bcrypt-ruby: 
    version: ">= 0"
    group: 
    - :default
    require: 
    - bcrypt
  RedCloth: 
    version: ">= 0"
    group: 
    - :default
  warden: 
    version: ">= 0"
    group: 
    - :default
  devise: 
    version: ">= 0"
    group: 
    - :default
  couchrails: 
    version: ">= 0"
    group: 
    - :default
  cancan: 
    version: ">= 0"
    group: 
    - :default
  mongrel: 
    version: ">= 0"
    group: 
    - :default
